
Microsoft Visual Studio Solution File, Format Version 12.00
Project("{FAE04EC0-301F-11D3-BF4B-00C04F79EFBC}") = "HW6_1", "HW6_1\HW6_1.csproj", "{20448241-4337-417A-AB9C-5E9F129BDB55}"
EndProject
Project("{FAE04EC0-301F-11D3-BF4B-00C04F79EFBC}") = "HW6_2", "HW6_2\HW6_2.csproj", "{559394DA-DAB1-48EA-AAFB-41FFF36B828D}"
EndProject
Global
	GlobalSection(SolutionConfigurationPlatforms) = preSolution
		Debug|Any CPU = Debug|Any CPU
		Release|Any CPU = Release|Any CPU
	EndGlobalSection
	GlobalSection(ProjectConfigurationPlatforms) = postSolution
		{20448241-4337-417A-AB9C-5E9F129BDB55}.Debug|Any CPU.ActiveCfg = Debug|Any CPU
		{20448241-4337-417A-AB9C-5E9F129BDB55}.Debug|Any CPU.Build.0 = Debug|Any CPU
		{20448241-4337-417A-AB9C-5E9F129BDB55}.Release|Any CPU.ActiveCfg = Release|Any CPU
		{20448241-4337-417A-AB9C-5E9F129BDB55}.Release|Any CPU.Build.0 = Release|Any CPU
		{559394DA-DAB1-48EA-AAFB-41FFF36B828D}.Debug|Any CPU.ActiveCfg = Debug|Any CPU
		{559394DA-DAB1-48EA-AAFB-41FFF36B828D}.Debug|Any CPU.Build.0 = Debug|Any CPU
		{559394DA-DAB1-48EA-AAFB-41FFF36B828D}.Release|Any CPU.ActiveCfg = Release|Any CPU
		{559394DA-DAB1-48EA-AAFB-41FFF36B828D}.Release|Any CPU.Build.0 = Release|Any CPU
	EndGlobalSection
EndGlobal
