
Microsoft Visual Studio Solution File, Format Version 12.00
Project("{FAE04EC0-301F-11D3-BF4B-00C04F79EFBC}") = "HW4_3", "HW4_3.csproj", "{6CEC1BB2-4909-4645-82C7-5D1DA52CB8EF}"
EndProject
Global
	GlobalSection(SolutionConfigurationPlatforms) = preSolution
		Debug|Any CPU = Debug|Any CPU
		Release|Any CPU = Release|Any CPU
	EndGlobalSection
	GlobalSection(ProjectConfigurationPlatforms) = postSolution
		{6CEC1BB2-4909-4645-82C7-5D1DA52CB8EF}.Debug|Any CPU.ActiveCfg = Debug|Any CPU
		{6CEC1BB2-4909-4645-82C7-5D1DA52CB8EF}.Debug|Any CPU.Build.0 = Debug|Any CPU
		{6CEC1BB2-4909-4645-82C7-5D1DA52CB8EF}.Release|Any CPU.ActiveCfg = Release|Any CPU
		{6CEC1BB2-4909-4645-82C7-5D1DA52CB8EF}.Release|Any CPU.Build.0 = Release|Any CPU
	EndGlobalSection
EndGlobal
