
Microsoft Visual Studio Solution File, Format Version 12.00
Project("{FAE04EC0-301F-11D3-BF4B-00C04F79EFBC}") = "HW9", "HW9.csproj", "{862C168D-82DA-435A-AB3D-DBF3E1C580B4}"
EndProject
Global
	GlobalSection(SolutionConfigurationPlatforms) = preSolution
		Debug|Any CPU = Debug|Any CPU
		Release|Any CPU = Release|Any CPU
	EndGlobalSection
	GlobalSection(ProjectConfigurationPlatforms) = postSolution
		{862C168D-82DA-435A-AB3D-DBF3E1C580B4}.Debug|Any CPU.ActiveCfg = Debug|Any CPU
		{862C168D-82DA-435A-AB3D-DBF3E1C580B4}.Debug|Any CPU.Build.0 = Debug|Any CPU
		{862C168D-82DA-435A-AB3D-DBF3E1C580B4}.Release|Any CPU.ActiveCfg = Release|Any CPU
		{862C168D-82DA-435A-AB3D-DBF3E1C580B4}.Release|Any CPU.Build.0 = Release|Any CPU
	EndGlobalSection
EndGlobal
